
Microsoft Visual Studio Solution File, Format Version 12.00
# Visual Studio Version 17
VisualStudioVersion = 17.1.32328.378
MinimumVisualStudioVersion = 10.0.40219.1
Project("{FAE04EC0-301F-11D3-BF4B-00C04F79EFBC}") = "Aladko.06.Task1", "Aladko.06.Task1\Aladko.06.Task1.csproj", "{022F5E85-BCCA-4D76-8561-A056E93CD181}"
EndProject
Project("{FAE04EC0-301F-11D3-BF4B-00C04F79EFBC}") = "Aladko.06.Task2", "Aladko.06.Task2\Aladko.06.Task2.csproj", "{B03B4AF1-45F5-4843-B9F6-BEE907109899}"
EndProject
Project("{FAE04EC0-301F-11D3-BF4B-00C04F79EFBC}") = "Aladko.06.Task3", "Aladko.06.Task3\Aladko.06.Task3.csproj", "{60FFF1F0-DF9C-4EFF-B10A-91965E644ACE}"
EndProject
Global
	GlobalSection(SolutionConfigurationPlatforms) = preSolution
		Debug|Any CPU = Debug|Any CPU
		Release|Any CPU = Release|Any CPU
	EndGlobalSection
	GlobalSection(ProjectConfigurationPlatforms) = postSolution
		{022F5E85-BCCA-4D76-8561-A056E93CD181}.Debug|Any CPU.ActiveCfg = Debug|Any CPU
		{022F5E85-BCCA-4D76-8561-A056E93CD181}.Debug|Any CPU.Build.0 = Debug|Any CPU
		{022F5E85-BCCA-4D76-8561-A056E93CD181}.Release|Any CPU.ActiveCfg = Release|Any CPU
		{022F5E85-BCCA-4D76-8561-A056E93CD181}.Release|Any CPU.Build.0 = Release|Any CPU
		{B03B4AF1-45F5-4843-B9F6-BEE907109899}.Debug|Any CPU.ActiveCfg = Debug|Any CPU
		{B03B4AF1-45F5-4843-B9F6-BEE907109899}.Debug|Any CPU.Build.0 = Debug|Any CPU
		{B03B4AF1-45F5-4843-B9F6-BEE907109899}.Release|Any CPU.ActiveCfg = Release|Any CPU
		{B03B4AF1-45F5-4843-B9F6-BEE907109899}.Release|Any CPU.Build.0 = Release|Any CPU
		{60FFF1F0-DF9C-4EFF-B10A-91965E644ACE}.Debug|Any CPU.ActiveCfg = Debug|Any CPU
		{60FFF1F0-DF9C-4EFF-B10A-91965E644ACE}.Debug|Any CPU.Build.0 = Debug|Any CPU
		{60FFF1F0-DF9C-4EFF-B10A-91965E644ACE}.Release|Any CPU.ActiveCfg = Release|Any CPU
		{60FFF1F0-DF9C-4EFF-B10A-91965E644ACE}.Release|Any CPU.Build.0 = Release|Any CPU
	EndGlobalSection
	GlobalSection(SolutionProperties) = preSolution
		HideSolutionNode = FALSE
	EndGlobalSection
	GlobalSection(ExtensibilityGlobals) = postSolution
		SolutionGuid = {3875E058-A265-4A92-86EF-E2A3BDA7DA2E}
	EndGlobalSection
EndGlobal
