
Microsoft Visual Studio Solution File, Format Version 12.00
# Visual Studio Version 17
VisualStudioVersion = 17.1.32328.378
MinimumVisualStudioVersion = 10.0.40219.1
Project("{FAE04EC0-301F-11D3-BF4B-00C04F79EFBC}") = "Vezhnovets.06.Task1", "Vezhnovets.06.Task1\Vezhnovets.06.Task1.csproj", "{65535831-C965-49F6-BD99-07A9F9B0FEF5}"
EndProject
Project("{FAE04EC0-301F-11D3-BF4B-00C04F79EFBC}") = "Vezhnovets.06.Task2", "Vezhnovets.06.Task2\Vezhnovets.06.Task2.csproj", "{01201950-7F08-4634-8C9F-6827F66593F4}"
EndProject
Project("{FAE04EC0-301F-11D3-BF4B-00C04F79EFBC}") = "Vezhnovets.06.Task3", "Vezhnovets.06.Task3\Vezhnovets.06.Task3.csproj", "{235DD383-40B3-488F-8DA4-A0AD32798742}"
EndProject
Global
	GlobalSection(SolutionConfigurationPlatforms) = preSolution
		Debug|Any CPU = Debug|Any CPU
		Release|Any CPU = Release|Any CPU
	EndGlobalSection
	GlobalSection(ProjectConfigurationPlatforms) = postSolution
		{65535831-C965-49F6-BD99-07A9F9B0FEF5}.Debug|Any CPU.ActiveCfg = Debug|Any CPU
		{65535831-C965-49F6-BD99-07A9F9B0FEF5}.Debug|Any CPU.Build.0 = Debug|Any CPU
		{65535831-C965-49F6-BD99-07A9F9B0FEF5}.Release|Any CPU.ActiveCfg = Release|Any CPU
		{65535831-C965-49F6-BD99-07A9F9B0FEF5}.Release|Any CPU.Build.0 = Release|Any CPU
		{01201950-7F08-4634-8C9F-6827F66593F4}.Debug|Any CPU.ActiveCfg = Debug|Any CPU
		{01201950-7F08-4634-8C9F-6827F66593F4}.Debug|Any CPU.Build.0 = Debug|Any CPU
		{01201950-7F08-4634-8C9F-6827F66593F4}.Release|Any CPU.ActiveCfg = Release|Any CPU
		{01201950-7F08-4634-8C9F-6827F66593F4}.Release|Any CPU.Build.0 = Release|Any CPU
		{235DD383-40B3-488F-8DA4-A0AD32798742}.Debug|Any CPU.ActiveCfg = Debug|Any CPU
		{235DD383-40B3-488F-8DA4-A0AD32798742}.Debug|Any CPU.Build.0 = Debug|Any CPU
		{235DD383-40B3-488F-8DA4-A0AD32798742}.Release|Any CPU.ActiveCfg = Release|Any CPU
		{235DD383-40B3-488F-8DA4-A0AD32798742}.Release|Any CPU.Build.0 = Release|Any CPU
	EndGlobalSection
	GlobalSection(SolutionProperties) = preSolution
		HideSolutionNode = FALSE
	EndGlobalSection
	GlobalSection(ExtensibilityGlobals) = postSolution
		SolutionGuid = {3875E058-A265-4A92-86EF-E2A3BDA7DA2E}
	EndGlobalSection
EndGlobal
